
Microsoft Visual Studio Solution File, Format Version 12.00
# Visual Studio Version 17
VisualStudioVersion = 17.3.32922.545
MinimumVisualStudioVersion = 10.0.40219.1
Project("{FAE04EC0-301F-11D3-BF4B-00C04F79EFBC}") = "SuperfoodsPoS", "SuperfoodsPoS.csproj", "{FC44CAD9-F4DB-4547-97D5-4D5ACFA838D2}"
EndProject
Global
	GlobalSection(SolutionConfigurationPlatforms) = preSolution
		Debug|Any CPU = Debug|Any CPU
		Release|Any CPU = Release|Any CPU
	EndGlobalSection
	GlobalSection(ProjectConfigurationPlatforms) = postSolution
		{FC44CAD9-F4DB-4547-97D5-4D5ACFA838D2}.Debug|Any CPU.ActiveCfg = Debug|Any CPU
		{FC44CAD9-F4DB-4547-97D5-4D5ACFA838D2}.Debug|Any CPU.Build.0 = Debug|Any CPU
		{FC44CAD9-F4DB-4547-97D5-4D5ACFA838D2}.Release|Any CPU.ActiveCfg = Release|Any CPU
		{FC44CAD9-F4DB-4547-97D5-4D5ACFA838D2}.Release|Any CPU.Build.0 = Release|Any CPU
	EndGlobalSection
	GlobalSection(SolutionProperties) = preSolution
		HideSolutionNode = FALSE
	EndGlobalSection
	GlobalSection(ExtensibilityGlobals) = postSolution
		SolutionGuid = {00340D35-1A16-4309-BD85-5133FF059E6B}
	EndGlobalSection
EndGlobal
